
Microsoft Visual Studio Solution File, Format Version 12.00
# Visual Studio Version 16
VisualStudioVersion = 16.0.30104.148
MinimumVisualStudioVersion = 10.0.40219.1
Project("{8BC9CEB8-8B4A-11D0-8D11-00A0C91BC942}") = "LR9", "LR9\LR9.vcxproj", "{A07657CC-EC8D-49B1-8B44-6371960A097B}"
EndProject
Global
	GlobalSection(SolutionConfigurationPlatforms) = preSolution
		Debug|x64 = Debug|x64
		Debug|x86 = Debug|x86
		Release|x64 = Release|x64
		Release|x86 = Release|x86
	EndGlobalSection
	GlobalSection(ProjectConfigurationPlatforms) = postSolution
		{A07657CC-EC8D-49B1-8B44-6371960A097B}.Debug|x64.ActiveCfg = Debug|x64
		{A07657CC-EC8D-49B1-8B44-6371960A097B}.Debug|x64.Build.0 = Debug|x64
		{A07657CC-EC8D-49B1-8B44-6371960A097B}.Debug|x86.ActiveCfg = Debug|Win32
		{A07657CC-EC8D-49B1-8B44-6371960A097B}.Debug|x86.Build.0 = Debug|Win32
		{A07657CC-EC8D-49B1-8B44-6371960A097B}.Release|x64.ActiveCfg = Release|x64
		{A07657CC-EC8D-49B1-8B44-6371960A097B}.Release|x64.Build.0 = Release|x64
		{A07657CC-EC8D-49B1-8B44-6371960A097B}.Release|x86.ActiveCfg = Release|Win32
		{A07657CC-EC8D-49B1-8B44-6371960A097B}.Release|x86.Build.0 = Release|Win32
	EndGlobalSection
	GlobalSection(SolutionProperties) = preSolution
		HideSolutionNode = FALSE
	EndGlobalSection
	GlobalSection(ExtensibilityGlobals) = postSolution
		SolutionGuid = {FE542E3F-7567-45DF-99DF-D6853B1CF935}
	EndGlobalSection
EndGlobal
